PODS:
  - DCTAuth (3.0)

DEPENDENCIES:
  - DCTAuth (from `https://github.com/danielctull/DCTAuth.git`)

EXTERNAL SOURCES:
  DCTAuth:
    :git: https://github.com/danielctull/DCTAuth.git

CHECKOUT OPTIONS:
  DCTAuth:
    :commit: 0a8091a3fc165fb99a6f70cf15b3aed25252dad9
    :git: https://github.com/danielctull/DCTAuth.git

SPEC CHECKSUMS:
  DCTAuth: 8add154decd00335d62917828896bba790ce47fd

PODFILE CHECKSUM: 2520aa722462649f8202e94283ea269e43d8d6dd

COCOAPODS: 1.4.0
